
Microsoft Visual Studio Solution File, Format Version 12.00
# Visual Studio Version 16
VisualStudioVersion = 16.0.30011.22
MinimumVisualStudioVersion = 10.0.40219.1
Project("{FAE04EC0-301F-11D3-BF4B-00C04F79EFBC}") = "JuicyRealmPlugin", "JuicyRealmPlugin\JuicyRealmPlugin.csproj", "{455E9CFC-3DCC-44ED-AD1A-75836C2034EC}"
EndProject
Project("{FAE04EC0-301F-11D3-BF4B-00C04F79EFBC}") = "WizardOfLegendPlugin", "WizardOfLegendPlugin\WizardOfLegendPlugin.csproj", "{9A947881-544C-4608-A859-8A4AFF4B9097}"
EndProject
Global
	GlobalSection(SolutionConfigurationPlatforms) = preSolution
		Debug|Any CPU = Debug|Any CPU
		Release|Any CPU = Release|Any CPU
	EndGlobalSection
	GlobalSection(ProjectConfigurationPlatforms) = postSolution
		{455E9CFC-3DCC-44ED-AD1A-75836C2034EC}.Debug|Any CPU.ActiveCfg = Debug|Any CPU
		{455E9CFC-3DCC-44ED-AD1A-75836C2034EC}.Debug|Any CPU.Build.0 = Debug|Any CPU
		{455E9CFC-3DCC-44ED-AD1A-75836C2034EC}.Release|Any CPU.ActiveCfg = Release|Any CPU
		{455E9CFC-3DCC-44ED-AD1A-75836C2034EC}.Release|Any CPU.Build.0 = Release|Any CPU
		{9A947881-544C-4608-A859-8A4AFF4B9097}.Debug|Any CPU.ActiveCfg = Debug|Any CPU
		{9A947881-544C-4608-A859-8A4AFF4B9097}.Debug|Any CPU.Build.0 = Debug|Any CPU
		{9A947881-544C-4608-A859-8A4AFF4B9097}.Release|Any CPU.ActiveCfg = Release|Any CPU
		{9A947881-544C-4608-A859-8A4AFF4B9097}.Release|Any CPU.Build.0 = Release|Any CPU
	EndGlobalSection
	GlobalSection(SolutionProperties) = preSolution
		HideSolutionNode = FALSE
	EndGlobalSection
	GlobalSection(ExtensibilityGlobals) = postSolution
		SolutionGuid = {51C434E4-E2AD-4FB1-A26E-02F4D40E4029}
	EndGlobalSection
EndGlobal
